
Microsoft Visual Studio Solution File, Format Version 12.00
# Visual Studio Version 17
VisualStudioVersion = 17.5.33627.172
MinimumVisualStudioVersion = 10.0.40219.1
Project("{FAE04EC0-301F-11D3-BF4B-00C04F79EFBC}") = "CocktailClient.Server", "CocktailClient\Server\CocktailClient.Server.csproj", "{8169C0E2-483E-4B62-9418-B89B0EFD301F}"
EndProject
Project("{FAE04EC0-301F-11D3-BF4B-00C04F79EFBC}") = "CocktailClient.Client", "CocktailClient\Client\CocktailClient.Client.csproj", "{FF750C28-6888-4ADC-9E89-1AE2EA8D07CF}"
EndProject
Project("{FAE04EC0-301F-11D3-BF4B-00C04F79EFBC}") = "CocktailClient.Shared", "CocktailClient\Shared\CocktailClient.Shared.csproj", "{31687A31-E432-4D3F-897B-A51DFAA57D44}"
EndProject
Global
	GlobalSection(SolutionConfigurationPlatforms) = preSolution
		Debug|Any CPU = Debug|Any CPU
		Release|Any CPU = Release|Any CPU
	EndGlobalSection
	GlobalSection(ProjectConfigurationPlatforms) = postSolution
		{8169C0E2-483E-4B62-9418-B89B0EFD301F}.Debug|Any CPU.ActiveCfg = Debug|Any CPU
		{8169C0E2-483E-4B62-9418-B89B0EFD301F}.Debug|Any CPU.Build.0 = Debug|Any CPU
		{8169C0E2-483E-4B62-9418-B89B0EFD301F}.Release|Any CPU.ActiveCfg = Release|Any CPU
		{8169C0E2-483E-4B62-9418-B89B0EFD301F}.Release|Any CPU.Build.0 = Release|Any CPU
		{FF750C28-6888-4ADC-9E89-1AE2EA8D07CF}.Debug|Any CPU.ActiveCfg = Debug|Any CPU
		{FF750C28-6888-4ADC-9E89-1AE2EA8D07CF}.Debug|Any CPU.Build.0 = Debug|Any CPU
		{FF750C28-6888-4ADC-9E89-1AE2EA8D07CF}.Release|Any CPU.ActiveCfg = Release|Any CPU
		{FF750C28-6888-4ADC-9E89-1AE2EA8D07CF}.Release|Any CPU.Build.0 = Release|Any CPU
		{31687A31-E432-4D3F-897B-A51DFAA57D44}.Debug|Any CPU.ActiveCfg = Debug|Any CPU
		{31687A31-E432-4D3F-897B-A51DFAA57D44}.Debug|Any CPU.Build.0 = Debug|Any CPU
		{31687A31-E432-4D3F-897B-A51DFAA57D44}.Release|Any CPU.ActiveCfg = Release|Any CPU
		{31687A31-E432-4D3F-897B-A51DFAA57D44}.Release|Any CPU.Build.0 = Release|Any CPU
	EndGlobalSection
	GlobalSection(SolutionProperties) = preSolution
		HideSolutionNode = FALSE
	EndGlobalSection
	GlobalSection(ExtensibilityGlobals) = postSolution
		SolutionGuid = {955B724E-FAD3-4950-B846-C95A203F1574}
	EndGlobalSection
EndGlobal
